
Microsoft Visual Studio Solution File, Format Version 12.00
# Visual Studio Version 16
VisualStudioVersion = 16.0.29230.61
MinimumVisualStudioVersion = 10.0.40219.1
Project("{FAE04EC0-301F-11D3-BF4B-00C04F79EFBC}") = "AwareGroup.Demos.AspMvc", "AwareGroup.Demos.AspMvc.csproj", "{671462AC-1942-4518-B648-A2B709EA2E90}"
EndProject
Global
	GlobalSection(SolutionConfigurationPlatforms) = preSolution
		Debug|Any CPU = Debug|Any CPU
		Release|Any CPU = Release|Any CPU
	EndGlobalSection
	GlobalSection(ProjectConfigurationPlatforms) = postSolution
		{671462AC-1942-4518-B648-A2B709EA2E90}.Debug|Any CPU.ActiveCfg = Debug|Any CPU
		{671462AC-1942-4518-B648-A2B709EA2E90}.Debug|Any CPU.Build.0 = Debug|Any CPU
		{671462AC-1942-4518-B648-A2B709EA2E90}.Release|Any CPU.ActiveCfg = Release|Any CPU
		{671462AC-1942-4518-B648-A2B709EA2E90}.Release|Any CPU.Build.0 = Release|Any CPU
	EndGlobalSection
	GlobalSection(SolutionProperties) = preSolution
		HideSolutionNode = FALSE
	EndGlobalSection
	GlobalSection(ExtensibilityGlobals) = postSolution
		SolutionGuid = {45C25A96-28C0-4BB1-A3A2-84403D0EDCEF}
	EndGlobalSection
EndGlobal
